
Microsoft Visual Studio Solution File, Format Version 12.00
# Visual Studio 14
VisualStudioVersion = 14.0.23107.0
MinimumVisualStudioVersion = 10.0.40219.1
Project("{8BC9CEB8-8B4A-11D0-8D11-00A0C91BC942}") = "Prepare", "Prepare\Prepare.vcxproj", "{BA548A99-4951-4743-924F-15B34AB1BFB7}"
EndProject
Project("{8BC9CEB8-8B4A-11D0-8D11-00A0C91BC942}") = "VAHook", "VAHook\VAHook.vcxproj", "{5F71696D-F497-4E27-9A26-6E9B53A1D497}"
EndProject
Project("{8BC9CEB8-8B4A-11D0-8D11-00A0C91BC942}") = "ImportInjection", "ImportInjection\ImportInjection.vcxproj", "{56C33311-7AA0-42FA-96DB-99CB89A7042B}"
EndProject
Project("{8BC9CEB8-8B4A-11D0-8D11-00A0C91BC942}") = "Dll", "Dll\Dll.vcxproj", "{0BA9B03C-1645-44A1-BE34-7FA0246B3D4D}"
EndProject
Project("{8BC9CEB8-8B4A-11D0-8D11-00A0C91BC942}") = "ZwQueryVirtualMemory", "EnumProcess\EnumProcess.vcxproj", "{072FFE2E-3F85-4571-BCC0-1B7FB49094BC}"
EndProject
Project("{8BC9CEB8-8B4A-11D0-8D11-00A0C91BC942}") = "EumeThreads", "ImeInject\ImeInject.vcxproj", "{A6CEC864-55AA-478F-AB68-D084F969DCE5}"
EndProject
Project("{8BC9CEB8-8B4A-11D0-8D11-00A0C91BC942}") = "ImeDll", "ImeDll\ImeDll.vcxproj", "{EDAB6D0B-32C9-42C4-8404-FDB68907841F}"
EndProject
Project("{8BC9CEB8-8B4A-11D0-8D11-00A0C91BC942}") = "SetWindowsEx", "SetWindowsEx\SetWindowsEx.vcxproj", "{63483380-683A-4982-9D1B-3276938E2101}"
EndProject
Project("{8BC9CEB8-8B4A-11D0-8D11-00A0C91BC942}") = "SetWindowsDll", "SetWindowsDll\SetWindowsDll.vcxproj", "{60B3C9BB-890D-4447-9671-C7394C20E5B8}"
EndProject
Project("{8BC9CEB8-8B4A-11D0-8D11-00A0C91BC942}") = "SetWindowsHook2", "SetWindowsHook2\SetWindowsHook2.vcxproj", "{0D575E26-E4AF-43B1-BE97-3E977A4DA036}"
EndProject
Project("{8BC9CEB8-8B4A-11D0-8D11-00A0C91BC942}") = "SetWindowsTest", "SetWindowsTest\SetWindowsTest.vcxproj", "{AE5A1F5E-AC13-4BF0-8126-3306282E83AF}"
EndProject
Project("{8BC9CEB8-8B4A-11D0-8D11-00A0C91BC942}") = "逆向", "逆向\逆向.vcxproj", "{FBB50402-B707-47D8-BFAC-7E9D9F51CE7D}"
EndProject
Project("{8BC9CEB8-8B4A-11D0-8D11-00A0C91BC942}") = "CreateToolhelp32Snapshot", "CreateToolhelp32Snapshot\CreateToolhelp32Snapshot.vcxproj", "{CD8E17DD-DD24-4BE3-9482-BB7C67C93BC8}"
EndProject
Project("{8BC9CEB8-8B4A-11D0-8D11-00A0C91BC942}") = "EnumProcesses", "EnumProcesses\EnumProcesses.vcxproj", "{1CC279FE-DB74-4CA7-A0B5-0557860D1666}"
EndProject
Project("{8BC9CEB8-8B4A-11D0-8D11-00A0C91BC942}") = "ProcessToken", "ProcessToken\ProcessToken.vcxproj", "{61826690-4447-46C0-A74D-DAF492B1DA4C}"
EndProject
Project("{8BC9CEB8-8B4A-11D0-8D11-00A0C91BC942}") = "FileSearchTest", "FileSearchTest\FileSearchTest.vcxproj", "{489B3E50-765E-47B7-B40D-885BFF8AF43E}"
EndProject
Project("{8BC9CEB8-8B4A-11D0-8D11-00A0C91BC942}") = "UsnUpdateTest", "UsnUpdateTest\UsnUpdateTest.vcxproj", "{E0F3D574-28A4-4EA4-BC5C-6FDC998ACD30}"
EndProject
Project("{8BC9CEB8-8B4A-11D0-8D11-00A0C91BC942}") = "UsnUpdataDemo", "UsnUpdataDemo\UsnUpdataDemo.vcxproj", "{35E0BD6F-D17C-490B-AE8A-2ADD96578CF2}"
EndProject
Project("{8BC9CEB8-8B4A-11D0-8D11-00A0C91BC942}") = "ListControlTest", "ListControlTest\ListControlTest.vcxproj", "{8261B985-D982-4176-9392-355EF0867CEA}"
EndProject
Project("{8BC9CEB8-8B4A-11D0-8D11-00A0C91BC942}") = "EnumWindows", "EnumWindows\EnumWindows.vcxproj", "{B8F7076A-B42B-49CE-AB15-6403F0486D50}"
EndProject
Global
	GlobalSection(SolutionConfigurationPlatforms) = preSolution
		Debug|x64 = Debug|x64
		Debug|x86 = Debug|x86
		Release|x64 = Release|x64
		Release|x86 = Release|x86
	EndGlobalSection
	GlobalSection(ProjectConfigurationPlatforms) = postSolution
		{BA548A99-4951-4743-924F-15B34AB1BFB7}.Debug|x64.ActiveCfg = Debug|x64
		{BA548A99-4951-4743-924F-15B34AB1BFB7}.Debug|x64.Build.0 = Debug|x64
		{BA548A99-4951-4743-924F-15B34AB1BFB7}.Debug|x86.ActiveCfg = Debug|Win32
		{BA548A99-4951-4743-924F-15B34AB1BFB7}.Debug|x86.Build.0 = Debug|Win32
		{BA548A99-4951-4743-924F-15B34AB1BFB7}.Release|x64.ActiveCfg = Release|x64
		{BA548A99-4951-4743-924F-15B34AB1BFB7}.Release|x64.Build.0 = Release|x64
		{BA548A99-4951-4743-924F-15B34AB1BFB7}.Release|x86.ActiveCfg = Release|Win32
		{BA548A99-4951-4743-924F-15B34AB1BFB7}.Release|x86.Build.0 = Release|Win32
		{5F71696D-F497-4E27-9A26-6E9B53A1D497}.Debug|x64.ActiveCfg = Debug|x64
		{5F71696D-F497-4E27-9A26-6E9B53A1D497}.Debug|x64.Build.0 = Debug|x64
		{5F71696D-F497-4E27-9A26-6E9B53A1D497}.Debug|x86.ActiveCfg = Debug|Win32
		{5F71696D-F497-4E27-9A26-6E9B53A1D497}.Debug|x86.Build.0 = Debug|Win32
		{5F71696D-F497-4E27-9A26-6E9B53A1D497}.Release|x64.ActiveCfg = Release|x64
		{5F71696D-F497-4E27-9A26-6E9B53A1D497}.Release|x64.Build.0 = Release|x64
		{5F71696D-F497-4E27-9A26-6E9B53A1D497}.Release|x86.ActiveCfg = Release|Win32
		{5F71696D-F497-4E27-9A26-6E9B53A1D497}.Release|x86.Build.0 = Release|Win32
		{56C33311-7AA0-42FA-96DB-99CB89A7042B}.Debug|x64.ActiveCfg = Debug|x64
		{56C33311-7AA0-42FA-96DB-99CB89A7042B}.Debug|x64.Build.0 = Debug|x64
		{56C33311-7AA0-42FA-96DB-99CB89A7042B}.Debug|x86.ActiveCfg = Debug|Win32
		{56C33311-7AA0-42FA-96DB-99CB89A7042B}.Debug|x86.Build.0 = Debug|Win32
		{56C33311-7AA0-42FA-96DB-99CB89A7042B}.Release|x64.ActiveCfg = Release|x64
		{56C33311-7AA0-42FA-96DB-99CB89A7042B}.Release|x64.Build.0 = Release|x64
		{56C33311-7AA0-42FA-96DB-99CB89A7042B}.Release|x86.ActiveCfg = Release|Win32
		{56C33311-7AA0-42FA-96DB-99CB89A7042B}.Release|x86.Build.0 = Release|Win32
		{0BA9B03C-1645-44A1-BE34-7FA0246B3D4D}.Debug|x64.ActiveCfg = Debug|x64
		{0BA9B03C-1645-44A1-BE34-7FA0246B3D4D}.Debug|x64.Build.0 = Debug|x64
		{0BA9B03C-1645-44A1-BE34-7FA0246B3D4D}.Debug|x86.ActiveCfg = Debug|Win32
		{0BA9B03C-1645-44A1-BE34-7FA0246B3D4D}.Debug|x86.Build.0 = Debug|Win32
		{0BA9B03C-1645-44A1-BE34-7FA0246B3D4D}.Release|x64.ActiveCfg = Release|x64
		{0BA9B03C-1645-44A1-BE34-7FA0246B3D4D}.Release|x64.Build.0 = Release|x64
		{0BA9B03C-1645-44A1-BE34-7FA0246B3D4D}.Release|x86.ActiveCfg = Release|Win32
		{0BA9B03C-1645-44A1-BE34-7FA0246B3D4D}.Release|x86.Build.0 = Release|Win32
		{072FFE2E-3F85-4571-BCC0-1B7FB49094BC}.Debug|x64.ActiveCfg = Debug|x64
		{072FFE2E-3F85-4571-BCC0-1B7FB49094BC}.Debug|x64.Build.0 = Debug|x64
		{072FFE2E-3F85-4571-BCC0-1B7FB49094BC}.Debug|x86.ActiveCfg = Debug|Win32
		{072FFE2E-3F85-4571-BCC0-1B7FB49094BC}.Debug|x86.Build.0 = Debug|Win32
		{072FFE2E-3F85-4571-BCC0-1B7FB49094BC}.Release|x64.ActiveCfg = Release|x64
		{072FFE2E-3F85-4571-BCC0-1B7FB49094BC}.Release|x64.Build.0 = Release|x64
		{072FFE2E-3F85-4571-BCC0-1B7FB49094BC}.Release|x86.ActiveCfg = Release|Win32
		{072FFE2E-3F85-4571-BCC0-1B7FB49094BC}.Release|x86.Build.0 = Release|Win32
		{A6CEC864-55AA-478F-AB68-D084F969DCE5}.Debug|x64.ActiveCfg = Debug|x64
		{A6CEC864-55AA-478F-AB68-D084F969DCE5}.Debug|x64.Build.0 = Debug|x64
		{A6CEC864-55AA-478F-AB68-D084F969DCE5}.Debug|x86.ActiveCfg = Debug|Win32
		{A6CEC864-55AA-478F-AB68-D084F969DCE5}.Debug|x86.Build.0 = Debug|Win32
		{A6CEC864-55AA-478F-AB68-D084F969DCE5}.Release|x64.ActiveCfg = Release|x64
		{A6CEC864-55AA-478F-AB68-D084F969DCE5}.Release|x64.Build.0 = Release|x64
		{A6CEC864-55AA-478F-AB68-D084F969DCE5}.Release|x86.ActiveCfg = Release|Win32
		{A6CEC864-55AA-478F-AB68-D084F969DCE5}.Release|x86.Build.0 = Release|Win32
		{EDAB6D0B-32C9-42C4-8404-FDB68907841F}.Debug|x64.ActiveCfg = Debug|x64
		{EDAB6D0B-32C9-42C4-8404-FDB68907841F}.Debug|x64.Build.0 = Debug|x64
		{EDAB6D0B-32C9-42C4-8404-FDB68907841F}.Debug|x86.ActiveCfg = Debug|Win32
		{EDAB6D0B-32C9-42C4-8404-FDB68907841F}.Debug|x86.Build.0 = Debug|Win32
		{EDAB6D0B-32C9-42C4-8404-FDB68907841F}.Release|x64.ActiveCfg = Release|x64
		{EDAB6D0B-32C9-42C4-8404-FDB68907841F}.Release|x64.Build.0 = Release|x64
		{EDAB6D0B-32C9-42C4-8404-FDB68907841F}.Release|x86.ActiveCfg = Release|Win32
		{EDAB6D0B-32C9-42C4-8404-FDB68907841F}.Release|x86.Build.0 = Release|Win32
		{63483380-683A-4982-9D1B-3276938E2101}.Debug|x64.ActiveCfg = Debug|x64
		{63483380-683A-4982-9D1B-3276938E2101}.Debug|x64.Build.0 = Debug|x64
		{63483380-683A-4982-9D1B-3276938E2101}.Debug|x86.ActiveCfg = Debug|Win32
		{63483380-683A-4982-9D1B-3276938E2101}.Debug|x86.Build.0 = Debug|Win32
		{63483380-683A-4982-9D1B-3276938E2101}.Release|x64.ActiveCfg = Release|x64
		{63483380-683A-4982-9D1B-3276938E2101}.Release|x64.Build.0 = Release|x64
		{63483380-683A-4982-9D1B-3276938E2101}.Release|x86.ActiveCfg = Release|Win32
		{63483380-683A-4982-9D1B-3276938E2101}.Release|x86.Build.0 = Release|Win32
		{60B3C9BB-890D-4447-9671-C7394C20E5B8}.Debug|x64.ActiveCfg = Debug|x64
		{60B3C9BB-890D-4447-9671-C7394C20E5B8}.Debug|x64.Build.0 = Debug|x64
		{60B3C9BB-890D-4447-9671-C7394C20E5B8}.Debug|x86.ActiveCfg = Debug|Win32
		{60B3C9BB-890D-4447-9671-C7394C20E5B8}.Debug|x86.Build.0 = Debug|Win32
		{60B3C9BB-890D-4447-9671-C7394C20E5B8}.Release|x64.ActiveCfg = Release|x64
		{60B3C9BB-890D-4447-9671-C7394C20E5B8}.Release|x64.Build.0 = Release|x64
		{60B3C9BB-890D-4447-9671-C7394C20E5B8}.Release|x86.ActiveCfg = Release|Win32
		{60B3C9BB-890D-4447-9671-C7394C20E5B8}.Release|x86.Build.0 = Release|Win32
		{0D575E26-E4AF-43B1-BE97-3E977A4DA036}.Debug|x64.ActiveCfg = Debug|x64
		{0D575E26-E4AF-43B1-BE97-3E977A4DA036}.Debug|x64.Build.0 = Debug|x64
		{0D575E26-E4AF-43B1-BE97-3E977A4DA036}.Debug|x86.ActiveCfg = Debug|Win32
		{0D575E26-E4AF-43B1-BE97-3E977A4DA036}.Debug|x86.Build.0 = Debug|Win32
		{0D575E26-E4AF-43B1-BE97-3E977A4DA036}.Release|x64.ActiveCfg = Release|x64
		{0D575E26-E4AF-43B1-BE97-3E977A4DA036}.Release|x64.Build.0 = Release|x64
		{0D575E26-E4AF-43B1-BE97-3E977A4DA036}.Release|x86.ActiveCfg = Release|Win32
		{0D575E26-E4AF-43B1-BE97-3E977A4DA036}.Release|x86.Build.0 = Release|Win32
		{AE5A1F5E-AC13-4BF0-8126-3306282E83AF}.Debug|x64.ActiveCfg = Debug|x64
		{AE5A1F5E-AC13-4BF0-8126-3306282E83AF}.Debug|x64.Build.0 = Debug|x64
		{AE5A1F5E-AC13-4BF0-8126-3306282E83AF}.Debug|x86.ActiveCfg = Debug|Win32
		{AE5A1F5E-AC13-4BF0-8126-3306282E83AF}.Debug|x86.Build.0 = Debug|Win32
		{AE5A1F5E-AC13-4BF0-8126-3306282E83AF}.Release|x64.ActiveCfg = Release|x64
		{AE5A1F5E-AC13-4BF0-8126-3306282E83AF}.Release|x64.Build.0 = Release|x64
		{AE5A1F5E-AC13-4BF0-8126-3306282E83AF}.Release|x86.ActiveCfg = Release|Win32
		{AE5A1F5E-AC13-4BF0-8126-3306282E83AF}.Release|x86.Build.0 = Release|Win32
		{FBB50402-B707-47D8-BFAC-7E9D9F51CE7D}.Debug|x64.ActiveCfg = Debug|x64
		{FBB50402-B707-47D8-BFAC-7E9D9F51CE7D}.Debug|x64.Build.0 = Debug|x64
		{FBB50402-B707-47D8-BFAC-7E9D9F51CE7D}.Debug|x86.ActiveCfg = Debug|Win32
		{FBB50402-B707-47D8-BFAC-7E9D9F51CE7D}.Debug|x86.Build.0 = Debug|Win32
		{FBB50402-B707-47D8-BFAC-7E9D9F51CE7D}.Release|x64.ActiveCfg = Release|x64
		{FBB50402-B707-47D8-BFAC-7E9D9F51CE7D}.Release|x64.Build.0 = Release|x64
		{FBB50402-B707-47D8-BFAC-7E9D9F51CE7D}.Release|x86.ActiveCfg = Release|Win32
		{FBB50402-B707-47D8-BFAC-7E9D9F51CE7D}.Release|x86.Build.0 = Release|Win32
		{CD8E17DD-DD24-4BE3-9482-BB7C67C93BC8}.Debug|x64.ActiveCfg = Debug|x64
		{CD8E17DD-DD24-4BE3-9482-BB7C67C93BC8}.Debug|x64.Build.0 = Debug|x64
		{CD8E17DD-DD24-4BE3-9482-BB7C67C93BC8}.Debug|x86.ActiveCfg = Debug|Win32
		{CD8E17DD-DD24-4BE3-9482-BB7C67C93BC8}.Debug|x86.Build.0 = Debug|Win32
		{CD8E17DD-DD24-4BE3-9482-BB7C67C93BC8}.Release|x64.ActiveCfg = Release|x64
		{CD8E17DD-DD24-4BE3-9482-BB7C67C93BC8}.Release|x64.Build.0 = Release|x64
		{CD8E17DD-DD24-4BE3-9482-BB7C67C93BC8}.Release|x86.ActiveCfg = Release|Win32
		{CD8E17DD-DD24-4BE3-9482-BB7C67C93BC8}.Release|x86.Build.0 = Release|Win32
		{1CC279FE-DB74-4CA7-A0B5-0557860D1666}.Debug|x64.ActiveCfg = Debug|x64
		{1CC279FE-DB74-4CA7-A0B5-0557860D1666}.Debug|x64.Build.0 = Debug|x64
		{1CC279FE-DB74-4CA7-A0B5-0557860D1666}.Debug|x86.ActiveCfg = Debug|Win32
		{1CC279FE-DB74-4CA7-A0B5-0557860D1666}.Debug|x86.Build.0 = Debug|Win32
		{1CC279FE-DB74-4CA7-A0B5-0557860D1666}.Release|x64.ActiveCfg = Release|x64
		{1CC279FE-DB74-4CA7-A0B5-0557860D1666}.Release|x64.Build.0 = Release|x64
		{1CC279FE-DB74-4CA7-A0B5-0557860D1666}.Release|x86.ActiveCfg = Release|Win32
		{1CC279FE-DB74-4CA7-A0B5-0557860D1666}.Release|x86.Build.0 = Release|Win32
		{61826690-4447-46C0-A74D-DAF492B1DA4C}.Debug|x64.ActiveCfg = Debug|x64
		{61826690-4447-46C0-A74D-DAF492B1DA4C}.Debug|x64.Build.0 = Debug|x64
		{61826690-4447-46C0-A74D-DAF492B1DA4C}.Debug|x86.ActiveCfg = Debug|Win32
		{61826690-4447-46C0-A74D-DAF492B1DA4C}.Debug|x86.Build.0 = Debug|Win32
		{61826690-4447-46C0-A74D-DAF492B1DA4C}.Release|x64.ActiveCfg = Release|x64
		{61826690-4447-46C0-A74D-DAF492B1DA4C}.Release|x64.Build.0 = Release|x64
		{61826690-4447-46C0-A74D-DAF492B1DA4C}.Release|x86.ActiveCfg = Release|Win32
		{61826690-4447-46C0-A74D-DAF492B1DA4C}.Release|x86.Build.0 = Release|Win32
		{489B3E50-765E-47B7-B40D-885BFF8AF43E}.Debug|x64.ActiveCfg = Debug|x64
		{489B3E50-765E-47B7-B40D-885BFF8AF43E}.Debug|x64.Build.0 = Debug|x64
		{489B3E50-765E-47B7-B40D-885BFF8AF43E}.Debug|x86.ActiveCfg = Debug|Win32
		{489B3E50-765E-47B7-B40D-885BFF8AF43E}.Debug|x86.Build.0 = Debug|Win32
		{489B3E50-765E-47B7-B40D-885BFF8AF43E}.Release|x64.ActiveCfg = Release|x64
		{489B3E50-765E-47B7-B40D-885BFF8AF43E}.Release|x64.Build.0 = Release|x64
		{489B3E50-765E-47B7-B40D-885BFF8AF43E}.Release|x86.ActiveCfg = Release|Win32
		{489B3E50-765E-47B7-B40D-885BFF8AF43E}.Release|x86.Build.0 = Release|Win32
		{E0F3D574-28A4-4EA4-BC5C-6FDC998ACD30}.Debug|x64.ActiveCfg = Debug|x64
		{E0F3D574-28A4-4EA4-BC5C-6FDC998ACD30}.Debug|x64.Build.0 = Debug|x64
		{E0F3D574-28A4-4EA4-BC5C-6FDC998ACD30}.Debug|x86.ActiveCfg = Debug|Win32
		{E0F3D574-28A4-4EA4-BC5C-6FDC998ACD30}.Debug|x86.Build.0 = Debug|Win32
		{E0F3D574-28A4-4EA4-BC5C-6FDC998ACD30}.Release|x64.ActiveCfg = Release|x64
		{E0F3D574-28A4-4EA4-BC5C-6FDC998ACD30}.Release|x64.Build.0 = Release|x64
		{E0F3D574-28A4-4EA4-BC5C-6FDC998ACD30}.Release|x86.ActiveCfg = Release|Win32
		{E0F3D574-28A4-4EA4-BC5C-6FDC998ACD30}.Release|x86.Build.0 = Release|Win32
		{35E0BD6F-D17C-490B-AE8A-2ADD96578CF2}.Debug|x64.ActiveCfg = Debug|x64
		{35E0BD6F-D17C-490B-AE8A-2ADD96578CF2}.Debug|x64.Build.0 = Debug|x64
		{35E0BD6F-D17C-490B-AE8A-2ADD96578CF2}.Debug|x86.ActiveCfg = Debug|Win32
		{35E0BD6F-D17C-490B-AE8A-2ADD96578CF2}.Debug|x86.Build.0 = Debug|Win32
		{35E0BD6F-D17C-490B-AE8A-2ADD96578CF2}.Release|x64.ActiveCfg = Release|x64
		{35E0BD6F-D17C-490B-AE8A-2ADD96578CF2}.Release|x64.Build.0 = Release|x64
		{35E0BD6F-D17C-490B-AE8A-2ADD96578CF2}.Release|x86.ActiveCfg = Release|Win32
		{35E0BD6F-D17C-490B-AE8A-2ADD96578CF2}.Release|x86.Build.0 = Release|Win32
		{8261B985-D982-4176-9392-355EF0867CEA}.Debug|x64.ActiveCfg = Debug|x64
		{8261B985-D982-4176-9392-355EF0867CEA}.Debug|x64.Build.0 = Debug|x64
		{8261B985-D982-4176-9392-355EF0867CEA}.Debug|x86.ActiveCfg = Debug|Win32
		{8261B985-D982-4176-9392-355EF0867CEA}.Debug|x86.Build.0 = Debug|Win32
		{8261B985-D982-4176-9392-355EF0867CEA}.Release|x64.ActiveCfg = Release|x64
		{8261B985-D982-4176-9392-355EF0867CEA}.Release|x64.Build.0 = Release|x64
		{8261B985-D982-4176-9392-355EF0867CEA}.Release|x86.ActiveCfg = Release|Win32
		{8261B985-D982-4176-9392-355EF0867CEA}.Release|x86.Build.0 = Release|Win32
		{B8F7076A-B42B-49CE-AB15-6403F0486D50}.Debug|x64.ActiveCfg = Debug|x64
		{B8F7076A-B42B-49CE-AB15-6403F0486D50}.Debug|x64.Build.0 = Debug|x64
		{B8F7076A-B42B-49CE-AB15-6403F0486D50}.Debug|x86.ActiveCfg = Debug|Win32
		{B8F7076A-B42B-49CE-AB15-6403F0486D50}.Debug|x86.Build.0 = Debug|Win32
		{B8F7076A-B42B-49CE-AB15-6403F0486D50}.Release|x64.ActiveCfg = Release|x64
		{B8F7076A-B42B-49CE-AB15-6403F0486D50}.Release|x64.Build.0 = Release|x64
		{B8F7076A-B42B-49CE-AB15-6403F0486D50}.Release|x86.ActiveCfg = Release|Win32
		{B8F7076A-B42B-49CE-AB15-6403F0486D50}.Release|x86.Build.0 = Release|Win32
	EndGlobalSection
	GlobalSection(SolutionProperties) = preSolution
		HideSolutionNode = FALSE
	EndGlobalSection
EndGlobal
